schema: '2.0'
stages:
  data_collection:
    cmd: python scripts/run_scraping.py
    deps:
    - path: configs/config.yaml
      hash: md5
      md5: 9dddb8a9870b627b67abe0a3f05d7e4f
      size: 1770
    - path: src/scraping/news_scraper.py
      hash: md5
      md5: 9baefdfccf9045dbe722f678a0915b75
      size: 11480
    outs:
    - path: data/raw/articles.db
      hash: md5
      md5: de64a5522d81fb7c496f476a5df5bc2f
      size: 532480
  data_preprocessing:
    cmd: python scripts/preprocess_data.py
    deps:
    - path: data/raw/articles.db
      hash: md5
      md5: de64a5522d81fb7c496f476a5df5bc2f
      size: 532480
    - path: src/classification/classifier.py
      hash: md5
      md5: b5ef13bde85b5724ad5adec3f623d1ca
      size: 19899
    outs:
    - path: data/processed/features.pkl
      hash: md5
      md5: 381fda9afe54284e36a65636a0224d57
      size: 219
    - path: data/processed/training_data.csv
      hash: md5
      md5: 906c6baeca2975ff45ad5195ba57ce93
      size: 629312
  model_training:
    cmd: python scripts/train_models.py
    deps:
    - path: configs/config.yaml
      hash: md5
      md5: 9dddb8a9870b627b67abe0a3f05d7e4f
      size: 1770
    - path: data/processed/training_data.csv
      hash: md5
      md5: 906c6baeca2975ff45ad5195ba57ce93
      size: 629312
    - path: src/classification/classifier.py
      hash: md5
      md5: b5ef13bde85b5724ad5adec3f623d1ca
      size: 19899
    params:
      params.yaml:
        classification.training:
          batch_size: 16
          epochs: 3
          learning_rate: 2e-05
          max_length: 512
    outs:
    - path: models/label_encoder.joblib
      hash: md5
      md5: 309130a175c7e74b936ad9ecdd0392f6
      size: 489
    - path: models/metrics.json
      hash: md5
      md5: c3c7d7de2bd3c4f5e4bf3169fab6a7e1
      size: 105
    - path: models/sklearn_classifier.joblib
      hash: md5
      md5: c380383b7647d01cd41287d02622508f
      size: 28639
    - path: models/tfidf_vectorizer.joblib
      hash: md5
      md5: 03515e61cf19fe23200f0d4bb10260a1
      size: 132068
  classification:
    cmd: python scripts/classify_articles.py
    deps:
    - path: data/raw/articles.db
      hash: md5
      md5: de64a5522d81fb7c496f476a5df5bc2f
      size: 532480
    - path: models/label_encoder.joblib
      hash: md5
      md5: 309130a175c7e74b936ad9ecdd0392f6
      size: 489
    - path: models/sklearn_classifier.joblib
      hash: md5
      md5: c380383b7647d01cd41287d02622508f
      size: 28639
    - path: models/tfidf_vectorizer.joblib
      hash: md5
      md5: 03515e61cf19fe23200f0d4bb10260a1
      size: 132068
    - path: src/classification/classifier.py
      hash: md5
      md5: b5ef13bde85b5724ad5adec3f623d1ca
      size: 19899
    outs:
    - path: data/processed/classified_articles.csv
      hash: md5
      md5: b632a00a81bebfcec615d4d24359d801
      size: 85
  evaluation:
    cmd: python scripts/evaluate_model.py
    deps:
    - path: data/processed/classified_articles.csv
      hash: md5
      md5: b632a00a81bebfcec615d4d24359d801
      size: 85
    - path: models/sklearn_classifier.joblib
      hash: md5
      md5: c380383b7647d01cd41287d02622508f
      size: 28639
    outs:
    - path: evaluation/classification_report.txt
      hash: md5
      md5: 3c37ec61b8465f0f898331c64aa592e9
      size: 416
    - path: evaluation/confusion_matrix.png
      hash: md5
      md5: 63da67d6d1bbe2e8669f4f7a8a47db48
      size: 101915
    - path: evaluation/metrics.json
      hash: md5
      md5: 5f7aa81adc286aca4f562c572b41ec6d
      size: 1013
