schema: '2.0'
stages:
  data_collection:
    cmd: python scripts/run_scraping.py
    deps:
    - path: configs/config.yaml
      hash: md5
      md5: 9dddb8a9870b627b67abe0a3f05d7e4f
      size: 1770
    - path: src/scraping/news_scraper.py
      hash: md5
      md5: 9baefdfccf9045dbe722f678a0915b75
      size: 11480
    outs:
    - path: data/raw/articles.db
      hash: md5
      md5: c79cc9d1aba3ed8069f4273665e15a72
      size: 704512
  data_preprocessing:
    cmd: python scripts/preprocess_data.py
    deps:
    - path: data/raw/articles.db
      hash: md5
      md5: c79cc9d1aba3ed8069f4273665e15a72
      size: 704512
    - path: src/classification/classifier.py
      hash: md5
      md5: b5ef13bde85b5724ad5adec3f623d1ca
      size: 19899
    outs:
    - path: data/processed/features.pkl
      hash: md5
      md5: 9d47674239bb50b7023f6ed5e8b0b841
      size: 230
    - path: data/processed/training_data.csv
      hash: md5
      md5: fb269d45b05861576fcb7df1411e6b11
      size: 870435
  model_training:
    cmd: python scripts/train_models.py
    deps:
    - path: configs/config.yaml
      hash: md5
      md5: 9dddb8a9870b627b67abe0a3f05d7e4f
      size: 1770
    - path: data/processed/training_data.csv
      hash: md5
      md5: fb269d45b05861576fcb7df1411e6b11
      size: 870435
    - path: src/classification/classifier.py
      hash: md5
      md5: b5ef13bde85b5724ad5adec3f623d1ca
      size: 19899
    params:
      params.yaml:
        classification.training:
          batch_size: 16
          epochs: 3
          learning_rate: 2e-05
          max_length: 512
    outs:
    - path: models/label_encoder.joblib
      hash: md5
      md5: 0a24fe6c43b2fc36fb2e7c2e13415bee
      size: 498
    - path: models/metrics.json
      hash: md5
      md5: ece818a9fe89cfe8c984ea8bd9990bbd
      size: 106
    - path: models/sklearn_classifier.joblib
      hash: md5
      md5: 03defef52a74b9d79eb2af6cbf864751
      size: 129519
    - path: models/tfidf_vectorizer.joblib
      hash: md5
      md5: 0b31fc92d1554ec63207af7b2c0f4095
      size: 206629
  classification:
    cmd: python scripts/classify_articles.py
    deps:
    - path: data/raw/articles.db
      hash: md5
      md5: c79cc9d1aba3ed8069f4273665e15a72
      size: 704512
    - path: models/label_encoder.joblib
      hash: md5
      md5: 0a24fe6c43b2fc36fb2e7c2e13415bee
      size: 498
    - path: models/sklearn_classifier.joblib
      hash: md5
      md5: 03defef52a74b9d79eb2af6cbf864751
      size: 129519
    - path: models/tfidf_vectorizer.joblib
      hash: md5
      md5: 0b31fc92d1554ec63207af7b2c0f4095
      size: 206629
    - path: src/classification/classifier.py
      hash: md5
      md5: b5ef13bde85b5724ad5adec3f623d1ca
      size: 19899
    outs:
    - path: data/processed/classified_articles.csv
      hash: md5
      md5: b632a00a81bebfcec615d4d24359d801
      size: 85
  evaluation:
    cmd: python scripts/evaluate_model.py
    deps:
    - path: data/processed/classified_articles.csv
      hash: md5
      md5: b632a00a81bebfcec615d4d24359d801
      size: 85
    - path: models/sklearn_classifier.joblib
      hash: md5
      md5: 03defef52a74b9d79eb2af6cbf864751
      size: 129519
    outs:
    - path: evaluation/classification_report.txt
      hash: md5
      md5: a4b00aea49ac1a3324c256bcf99d1a3c
      size: 470
    - path: evaluation/confusion_matrix.png
      hash: md5
      md5: 6b66a7c04546fbdda1a8cdf745283a14
      size: 113851
    - path: evaluation/metrics.json
      hash: md5
      md5: 59b58694e79de2173997f87183e5646d
      size: 1172
